
Microsoft Visual Studio Solution File, Format Version 12.00
Project("{2150E333-8FDC-42A3-9474-1A3956D46DE8}") = "src", "src", "{C9197352-401A-4278-A01E-7BABABE66DDC}"
EndProject
Project("{FAE04EC0-301F-11D3-BF4B-00C04F79EFBC}") = "G2PLC.Domain", "src\G2PLC.Domain\G2PLC.Domain.csproj", "{2B05D56E-AF37-4412-B4C9-91BD539EB029}"
EndProject
Project("{FAE04EC0-301F-11D3-BF4B-00C04F79EFBC}") = "G2PLC.Infrastructure", "src\G2PLC.Infrastructure\G2PLC.Infrastructure.csproj", "{7996D084-8809-43AE-9393-31DD6E163E71}"
EndProject
Project("{FAE04EC0-301F-11D3-BF4B-00C04F79EFBC}") = "G2PLC.Application", "src\G2PLC.Application\G2PLC.Application.csproj", "{2D32EE83-D26E-47AE-B821-B9A0A1DCD5DB}"
EndProject
Project("{2150E333-8FDC-42A3-9474-1A3956D46DE8}") = "tests", "tests", "{9174E598-6237-4A85-A137-1F809D418D16}"
EndProject
Project("{FAE04EC0-301F-11D3-BF4B-00C04F79EFBC}") = "G2PLC.Console", "src\G2PLC.Console\G2PLC.Console.csproj", "{83A9EDA4-6C04-44E4-AD0B-3555D70D9AFC}"
EndProject
Project("{FAE04EC0-301F-11D3-BF4B-00C04F79EFBC}") = "G2PLC.Domain.Tests", "tests\G2PLC.Domain.Tests\G2PLC.Domain.Tests.csproj", "{66C065F9-EC8A-4D15-8DE9-18471307722A}"
EndProject
Project("{FAE04EC0-301F-11D3-BF4B-00C04F79EFBC}") = "G2PLC.Application.Tests", "tests\G2PLC.Application.Tests\G2PLC.Application.Tests.csproj", "{5100DAB3-1F1A-4020-A0DC-878E2C3451C8}"
EndProject
Project("{FAE04EC0-301F-11D3-BF4B-00C04F79EFBC}") = "G2PLC.Infrastructure.Tests", "tests\G2PLC.Infrastructure.Tests\G2PLC.Infrastructure.Tests.csproj", "{6F728CD6-2856-4FEF-873B-E6347A00EA5B}"
EndProject
Project("{FAE04EC0-301F-11D3-BF4B-00C04F79EFBC}") = "G2PLC.IntegrationTests", "tests\G2PLC.IntegrationTests\G2PLC.IntegrationTests.csproj", "{1FA96190-1F5D-4308-8A8F-3B4905881617}"
EndProject
Project("{FAE04EC0-301F-11D3-BF4B-00C04F79EFBC}") = "G2PLC.UI.Wpf", "src\G2PLC.UI.Wpf\G2PLC.UI.Wpf.csproj", "{7F581797-C7C4-4743-A600-E14AF4565AFC}"
EndProject
Project("{FAE04EC0-301F-11D3-BF4B-00C04F79EFBC}") = "G2PLC.E2ETests", "tests\G2PLC.E2ETests\G2PLC.E2ETests.csproj", "{C26B3A80-A582-4ACB-8BE6-8AEF88ED0088}"
EndProject
Global
	GlobalSection(SolutionConfigurationPlatforms) = preSolution
		Debug|Any CPU = Debug|Any CPU
		Debug|x64 = Debug|x64
		Debug|x86 = Debug|x86
		Release|Any CPU = Release|Any CPU
		Release|x64 = Release|x64
		Release|x86 = Release|x86
	EndGlobalSection
	GlobalSection(ProjectConfigurationPlatforms) = postSolution
		{2B05D56E-AF37-4412-B4C9-91BD539EB029}.Debug|Any CPU.ActiveCfg = Debug|Any CPU
		{2B05D56E-AF37-4412-B4C9-91BD539EB029}.Debug|Any CPU.Build.0 = Debug|Any CPU
		{2B05D56E-AF37-4412-B4C9-91BD539EB029}.Debug|x64.ActiveCfg = Debug|Any CPU
		{2B05D56E-AF37-4412-B4C9-91BD539EB029}.Debug|x64.Build.0 = Debug|Any CPU
		{2B05D56E-AF37-4412-B4C9-91BD539EB029}.Debug|x86.ActiveCfg = Debug|Any CPU
		{2B05D56E-AF37-4412-B4C9-91BD539EB029}.Debug|x86.Build.0 = Debug|Any CPU
		{2B05D56E-AF37-4412-B4C9-91BD539EB029}.Release|Any CPU.ActiveCfg = Release|Any CPU
		{2B05D56E-AF37-4412-B4C9-91BD539EB029}.Release|Any CPU.Build.0 = Release|Any CPU
		{2B05D56E-AF37-4412-B4C9-91BD539EB029}.Release|x64.ActiveCfg = Release|Any CPU
		{2B05D56E-AF37-4412-B4C9-91BD539EB029}.Release|x64.Build.0 = Release|Any CPU
		{2B05D56E-AF37-4412-B4C9-91BD539EB029}.Release|x86.ActiveCfg = Release|Any CPU
		{2B05D56E-AF37-4412-B4C9-91BD539EB029}.Release|x86.Build.0 = Release|Any CPU
		{7996D084-8809-43AE-9393-31DD6E163E71}.Debug|Any CPU.ActiveCfg = Debug|Any CPU
		{7996D084-8809-43AE-9393-31DD6E163E71}.Debug|Any CPU.Build.0 = Debug|Any CPU
		{7996D084-8809-43AE-9393-31DD6E163E71}.Debug|x64.ActiveCfg = Debug|Any CPU
		{7996D084-8809-43AE-9393-31DD6E163E71}.Debug|x64.Build.0 = Debug|Any CPU
		{7996D084-8809-43AE-9393-31DD6E163E71}.Debug|x86.ActiveCfg = Debug|Any CPU
		{7996D084-8809-43AE-9393-31DD6E163E71}.Debug|x86.Build.0 = Debug|Any CPU
		{7996D084-8809-43AE-9393-31DD6E163E71}.Release|Any CPU.ActiveCfg = Release|Any CPU
		{7996D084-8809-43AE-9393-31DD6E163E71}.Release|Any CPU.Build.0 = Release|Any CPU
		{7996D084-8809-43AE-9393-31DD6E163E71}.Release|x64.ActiveCfg = Release|Any CPU
		{7996D084-8809-43AE-9393-31DD6E163E71}.Release|x64.Build.0 = Release|Any CPU
		{7996D084-8809-43AE-9393-31DD6E163E71}.Release|x86.ActiveCfg = Release|Any CPU
		{7996D084-8809-43AE-9393-31DD6E163E71}.Release|x86.Build.0 = Release|Any CPU
		{2D32EE83-D26E-47AE-B821-B9A0A1DCD5DB}.Debug|Any CPU.ActiveCfg = Debug|Any CPU
		{2D32EE83-D26E-47AE-B821-B9A0A1DCD5DB}.Debug|Any CPU.Build.0 = Debug|Any CPU
		{2D32EE83-D26E-47AE-B821-B9A0A1DCD5DB}.Debug|x64.ActiveCfg = Debug|Any CPU
		{2D32EE83-D26E-47AE-B821-B9A0A1DCD5DB}.Debug|x64.Build.0 = Debug|Any CPU
		{2D32EE83-D26E-47AE-B821-B9A0A1DCD5DB}.Debug|x86.ActiveCfg = Debug|Any CPU
		{2D32EE83-D26E-47AE-B821-B9A0A1DCD5DB}.Debug|x86.Build.0 = Debug|Any CPU
		{2D32EE83-D26E-47AE-B821-B9A0A1DCD5DB}.Release|Any CPU.ActiveCfg = Release|Any CPU
		{2D32EE83-D26E-47AE-B821-B9A0A1DCD5DB}.Release|Any CPU.Build.0 = Release|Any CPU
		{2D32EE83-D26E-47AE-B821-B9A0A1DCD5DB}.Release|x64.ActiveCfg = Release|Any CPU
		{2D32EE83-D26E-47AE-B821-B9A0A1DCD5DB}.Release|x64.Build.0 = Release|Any CPU
		{2D32EE83-D26E-47AE-B821-B9A0A1DCD5DB}.Release|x86.ActiveCfg = Release|Any CPU
		{2D32EE83-D26E-47AE-B821-B9A0A1DCD5DB}.Release|x86.Build.0 = Release|Any CPU
		{83A9EDA4-6C04-44E4-AD0B-3555D70D9AFC}.Debug|Any CPU.ActiveCfg = Debug|Any CPU
		{83A9EDA4-6C04-44E4-AD0B-3555D70D9AFC}.Debug|Any CPU.Build.0 = Debug|Any CPU
		{83A9EDA4-6C04-44E4-AD0B-3555D70D9AFC}.Debug|x64.ActiveCfg = Debug|Any CPU
		{83A9EDA4-6C04-44E4-AD0B-3555D70D9AFC}.Debug|x64.Build.0 = Debug|Any CPU
		{83A9EDA4-6C04-44E4-AD0B-3555D70D9AFC}.Debug|x86.ActiveCfg = Debug|Any CPU
		{83A9EDA4-6C04-44E4-AD0B-3555D70D9AFC}.Debug|x86.Build.0 = Debug|Any CPU
		{83A9EDA4-6C04-44E4-AD0B-3555D70D9AFC}.Release|Any CPU.ActiveCfg = Release|Any CPU
		{83A9EDA4-6C04-44E4-AD0B-3555D70D9AFC}.Release|Any CPU.Build.0 = Release|Any CPU
		{83A9EDA4-6C04-44E4-AD0B-3555D70D9AFC}.Release|x64.ActiveCfg = Release|Any CPU
		{83A9EDA4-6C04-44E4-AD0B-3555D70D9AFC}.Release|x64.Build.0 = Release|Any CPU
		{83A9EDA4-6C04-44E4-AD0B-3555D70D9AFC}.Release|x86.ActiveCfg = Release|Any CPU
		{83A9EDA4-6C04-44E4-AD0B-3555D70D9AFC}.Release|x86.Build.0 = Release|Any CPU
		{66C065F9-EC8A-4D15-8DE9-18471307722A}.Debug|Any CPU.ActiveCfg = Debug|Any CPU
		{66C065F9-EC8A-4D15-8DE9-18471307722A}.Debug|Any CPU.Build.0 = Debug|Any CPU
		{66C065F9-EC8A-4D15-8DE9-18471307722A}.Debug|x64.ActiveCfg = Debug|Any CPU
		{66C065F9-EC8A-4D15-8DE9-18471307722A}.Debug|x64.Build.0 = Debug|Any CPU
		{66C065F9-EC8A-4D15-8DE9-18471307722A}.Debug|x86.ActiveCfg = Debug|Any CPU
		{66C065F9-EC8A-4D15-8DE9-18471307722A}.Debug|x86.Build.0 = Debug|Any CPU
		{66C065F9-EC8A-4D15-8DE9-18471307722A}.Release|Any CPU.ActiveCfg = Release|Any CPU
		{66C065F9-EC8A-4D15-8DE9-18471307722A}.Release|Any CPU.Build.0 = Release|Any CPU
		{66C065F9-EC8A-4D15-8DE9-18471307722A}.Release|x64.ActiveCfg = Release|Any CPU
		{66C065F9-EC8A-4D15-8DE9-18471307722A}.Release|x64.Build.0 = Release|Any CPU
		{66C065F9-EC8A-4D15-8DE9-18471307722A}.Release|x86.ActiveCfg = Release|Any CPU
		{66C065F9-EC8A-4D15-8DE9-18471307722A}.Release|x86.Build.0 = Release|Any CPU
		{5100DAB3-1F1A-4020-A0DC-878E2C3451C8}.Debug|Any CPU.ActiveCfg = Debug|Any CPU
		{5100DAB3-1F1A-4020-A0DC-878E2C3451C8}.Debug|Any CPU.Build.0 = Debug|Any CPU
		{5100DAB3-1F1A-4020-A0DC-878E2C3451C8}.Debug|x64.ActiveCfg = Debug|Any CPU
		{5100DAB3-1F1A-4020-A0DC-878E2C3451C8}.Debug|x64.Build.0 = Debug|Any CPU
		{5100DAB3-1F1A-4020-A0DC-878E2C3451C8}.Debug|x86.ActiveCfg = Debug|Any CPU
		{5100DAB3-1F1A-4020-A0DC-878E2C3451C8}.Debug|x86.Build.0 = Debug|Any CPU
		{5100DAB3-1F1A-4020-A0DC-878E2C3451C8}.Release|Any CPU.ActiveCfg = Release|Any CPU
		{5100DAB3-1F1A-4020-A0DC-878E2C3451C8}.Release|Any CPU.Build.0 = Release|Any CPU
		{5100DAB3-1F1A-4020-A0DC-878E2C3451C8}.Release|x64.ActiveCfg = Release|Any CPU
		{5100DAB3-1F1A-4020-A0DC-878E2C3451C8}.Release|x64.Build.0 = Release|Any CPU
		{5100DAB3-1F1A-4020-A0DC-878E2C3451C8}.Release|x86.ActiveCfg = Release|Any CPU
		{5100DAB3-1F1A-4020-A0DC-878E2C3451C8}.Release|x86.Build.0 = Release|Any CPU
		{6F728CD6-2856-4FEF-873B-E6347A00EA5B}.Debug|Any CPU.ActiveCfg = Debug|Any CPU
		{6F728CD6-2856-4FEF-873B-E6347A00EA5B}.Debug|Any CPU.Build.0 = Debug|Any CPU
		{6F728CD6-2856-4FEF-873B-E6347A00EA5B}.Debug|x64.ActiveCfg = Debug|Any CPU
		{6F728CD6-2856-4FEF-873B-E6347A00EA5B}.Debug|x64.Build.0 = Debug|Any CPU
		{6F728CD6-2856-4FEF-873B-E6347A00EA5B}.Debug|x86.ActiveCfg = Debug|Any CPU
		{6F728CD6-2856-4FEF-873B-E6347A00EA5B}.Debug|x86.Build.0 = Debug|Any CPU
		{6F728CD6-2856-4FEF-873B-E6347A00EA5B}.Release|Any CPU.ActiveCfg = Release|Any CPU
		{6F728CD6-2856-4FEF-873B-E6347A00EA5B}.Release|Any CPU.Build.0 = Release|Any CPU
		{6F728CD6-2856-4FEF-873B-E6347A00EA5B}.Release|x64.ActiveCfg = Release|Any CPU
		{6F728CD6-2856-4FEF-873B-E6347A00EA5B}.Release|x64.Build.0 = Release|Any CPU
		{6F728CD6-2856-4FEF-873B-E6347A00EA5B}.Release|x86.ActiveCfg = Release|Any CPU
		{6F728CD6-2856-4FEF-873B-E6347A00EA5B}.Release|x86.Build.0 = Release|Any CPU
		{1FA96190-1F5D-4308-8A8F-3B4905881617}.Debug|Any CPU.ActiveCfg = Debug|Any CPU
		{1FA96190-1F5D-4308-8A8F-3B4905881617}.Debug|Any CPU.Build.0 = Debug|Any CPU
		{1FA96190-1F5D-4308-8A8F-3B4905881617}.Debug|x64.ActiveCfg = Debug|Any CPU
		{1FA96190-1F5D-4308-8A8F-3B4905881617}.Debug|x64.Build.0 = Debug|Any CPU
		{1FA96190-1F5D-4308-8A8F-3B4905881617}.Debug|x86.ActiveCfg = Debug|Any CPU
		{1FA96190-1F5D-4308-8A8F-3B4905881617}.Debug|x86.Build.0 = Debug|Any CPU
		{1FA96190-1F5D-4308-8A8F-3B4905881617}.Release|Any CPU.ActiveCfg = Release|Any CPU
		{1FA96190-1F5D-4308-8A8F-3B4905881617}.Release|Any CPU.Build.0 = Release|Any CPU
		{1FA96190-1F5D-4308-8A8F-3B4905881617}.Release|x64.ActiveCfg = Release|Any CPU
		{1FA96190-1F5D-4308-8A8F-3B4905881617}.Release|x64.Build.0 = Release|Any CPU
		{1FA96190-1F5D-4308-8A8F-3B4905881617}.Release|x86.ActiveCfg = Release|Any CPU
		{1FA96190-1F5D-4308-8A8F-3B4905881617}.Release|x86.Build.0 = Release|Any CPU
		{7F581797-C7C4-4743-A600-E14AF4565AFC}.Debug|Any CPU.ActiveCfg = Debug|Any CPU
		{7F581797-C7C4-4743-A600-E14AF4565AFC}.Debug|Any CPU.Build.0 = Debug|Any CPU
		{7F581797-C7C4-4743-A600-E14AF4565AFC}.Debug|x64.ActiveCfg = Debug|Any CPU
		{7F581797-C7C4-4743-A600-E14AF4565AFC}.Debug|x64.Build.0 = Debug|Any CPU
		{7F581797-C7C4-4743-A600-E14AF4565AFC}.Debug|x86.ActiveCfg = Debug|Any CPU
		{7F581797-C7C4-4743-A600-E14AF4565AFC}.Debug|x86.Build.0 = Debug|Any CPU
		{7F581797-C7C4-4743-A600-E14AF4565AFC}.Release|Any CPU.ActiveCfg = Release|Any CPU
		{7F581797-C7C4-4743-A600-E14AF4565AFC}.Release|Any CPU.Build.0 = Release|Any CPU
		{7F581797-C7C4-4743-A600-E14AF4565AFC}.Release|x64.ActiveCfg = Release|Any CPU
		{7F581797-C7C4-4743-A600-E14AF4565AFC}.Release|x64.Build.0 = Release|Any CPU
		{7F581797-C7C4-4743-A600-E14AF4565AFC}.Release|x86.ActiveCfg = Release|Any CPU
		{7F581797-C7C4-4743-A600-E14AF4565AFC}.Release|x86.Build.0 = Release|Any CPU
		{C26B3A80-A582-4ACB-8BE6-8AEF88ED0088}.Debug|Any CPU.ActiveCfg = Debug|Any CPU
		{C26B3A80-A582-4ACB-8BE6-8AEF88ED0088}.Debug|Any CPU.Build.0 = Debug|Any CPU
		{C26B3A80-A582-4ACB-8BE6-8AEF88ED0088}.Debug|x64.ActiveCfg = Debug|Any CPU
		{C26B3A80-A582-4ACB-8BE6-8AEF88ED0088}.Debug|x64.Build.0 = Debug|Any CPU
		{C26B3A80-A582-4ACB-8BE6-8AEF88ED0088}.Debug|x86.ActiveCfg = Debug|Any CPU
		{C26B3A80-A582-4ACB-8BE6-8AEF88ED0088}.Debug|x86.Build.0 = Debug|Any CPU
		{C26B3A80-A582-4ACB-8BE6-8AEF88ED0088}.Release|Any CPU.ActiveCfg = Release|Any CPU
		{C26B3A80-A582-4ACB-8BE6-8AEF88ED0088}.Release|Any CPU.Build.0 = Release|Any CPU
		{C26B3A80-A582-4ACB-8BE6-8AEF88ED0088}.Release|x64.ActiveCfg = Release|Any CPU
		{C26B3A80-A582-4ACB-8BE6-8AEF88ED0088}.Release|x64.Build.0 = Release|Any CPU
		{C26B3A80-A582-4ACB-8BE6-8AEF88ED0088}.Release|x86.ActiveCfg = Release|Any CPU
		{C26B3A80-A582-4ACB-8BE6-8AEF88ED0088}.Release|x86.Build.0 = Release|Any CPU
	EndGlobalSection
	GlobalSection(SolutionProperties) = preSolution
		HideSolutionNode = FALSE
	EndGlobalSection
	GlobalSection(NestedProjects) = preSolution
		{2B05D56E-AF37-4412-B4C9-91BD539EB029} = {C9197352-401A-4278-A01E-7BABABE66DDC}
		{7996D084-8809-43AE-9393-31DD6E163E71} = {C9197352-401A-4278-A01E-7BABABE66DDC}
		{2D32EE83-D26E-47AE-B821-B9A0A1DCD5DB} = {C9197352-401A-4278-A01E-7BABABE66DDC}
		{83A9EDA4-6C04-44E4-AD0B-3555D70D9AFC} = {C9197352-401A-4278-A01E-7BABABE66DDC}
		{66C065F9-EC8A-4D15-8DE9-18471307722A} = {9174E598-6237-4A85-A137-1F809D418D16}
		{5100DAB3-1F1A-4020-A0DC-878E2C3451C8} = {9174E598-6237-4A85-A137-1F809D418D16}
		{6F728CD6-2856-4FEF-873B-E6347A00EA5B} = {9174E598-6237-4A85-A137-1F809D418D16}
		{1FA96190-1F5D-4308-8A8F-3B4905881617} = {9174E598-6237-4A85-A137-1F809D418D16}
		{7F581797-C7C4-4743-A600-E14AF4565AFC} = {C9197352-401A-4278-A01E-7BABABE66DDC}
		{C26B3A80-A582-4ACB-8BE6-8AEF88ED0088} = {9174E598-6237-4A85-A137-1F809D418D16}
	EndGlobalSection
EndGlobal
